// !$*UTF8*$!
{ archiveVersion = 1; classes = {}; objectVersion = 77; objects = {
4B3FCF521522AF22DA48DA27 = { isa = PBXFileReference; lastKnownFileType = sourcecode.swift; path = "Sources/Conch/AudioHAL.swift"; sourceTree = SOURCE_ROOT; };
B8B97D409DA3D5CF2EA00A28 = { isa = PBXFileReference; lastKnownFileType = sourcecode.swift; path = "Sources/Conch/AudioRoute.swift"; sourceTree = SOURCE_ROOT; };
A8DBA85B1670FEB55D9CEB5D = { isa = PBXFileReference; lastKnownFileType = sourcecode.swift; path = "Sources/Conch/ConchApp.swift"; sourceTree = SOURCE_ROOT; };
3C8C8952A5D1EA2B89D5CD31 = { isa = PBXFileReference; lastKnownFileType = sourcecode.swift; path = "Sources/Conch/MixerModel.swift"; sourceTree = SOURCE_ROOT; };
E01C969388FBAEE8B4F50571 = { isa = PBXFileReference; lastKnownFileType = sourcecode.swift; path = "Sources/Conch/MixerState.swift"; sourceTree = SOURCE_ROOT; };
CD54976089DB1DBDDDEA6893 = { isa = PBXFileReference; lastKnownFileType = sourcecode.swift; path = "Sources/Conch/OutputVolume.swift"; sourceTree = SOURCE_ROOT; };
CDDCC5C432E1B668604819FD = { isa = PBXFileReference; lastKnownFileType = sourcecode.swift; path = "Sources/Conch/ProcessResolver.swift"; sourceTree = SOURCE_ROOT; };
7871627A3B470B193B688C6E = { isa = PBXFileReference; lastKnownFileType = sourcecode.swift; path = "Sources/Conch/VolumeSlider.swift"; sourceTree = SOURCE_ROOT; };
86E3ED550827782AF9BCBCFA = { isa = PBXFileReference; lastKnownFileType = sourcecode.c.c; path = "Sources/Realtime/Realtime.c"; sourceTree = SOURCE_ROOT; };
E459EC21262132A35FA199AF = { isa = PBXFileReference; lastKnownFileType = sourcecode.c.h; path = "Sources/Realtime/include/Realtime.h"; sourceTree = SOURCE_ROOT; };
84ACE647BEA01E584B65B882 = { isa = PBXFileReference; lastKnownFileType = sourcecode.module-map; path = "Sources/Realtime/include/module.modulemap"; sourceTree = SOURCE_ROOT; };
64802283E33CAE761253A147 = { isa = PBXFileReference; lastKnownFileType = sourcecode.swift; path = "Tests/ConchTests/LiveRoutingTests.swift"; sourceTree = SOURCE_ROOT; };
5C54489176852A7A47532051 = { isa = PBXFileReference; lastKnownFileType = sourcecode.swift; path = "Tests/ConchTests/OutputVolumeTests.swift"; sourceTree = SOURCE_ROOT; };
FA8436E3DFA4B570B5F9C8DD = { isa = PBXFileReference; lastKnownFileType = sourcecode.swift; path = "Tests/ConchTests/OwnershipTests.swift"; sourceTree = SOURCE_ROOT; };
69FCE491E9EFF48ED628B97D = { isa = PBXFileReference; lastKnownFileType = sourcecode.swift; path = "Tests/ConchTests/StateTests.swift"; sourceTree = SOURCE_ROOT; };
429D0230C59596BAEA6CC819 = { isa = PBXFileReference; lastKnownFileType = text.plist.xml; path = "Resources/Info.plist"; sourceTree = SOURCE_ROOT; };
E8E5628CBE1819250F85CEE4 = { isa = PBXFileReference; lastKnownFileType = folder.iconcomposer.icon; path = "Resources/AppIcon.icon"; sourceTree = SOURCE_ROOT; };
67CDA09AE1DD6AC228B02450 = { isa = PBXBuildFile; fileRef = 4B3FCF521522AF22DA48DA27; };
F86E5AA71DF411B0A46BA86F = { isa = PBXBuildFile; fileRef = B8B97D409DA3D5CF2EA00A28; };
99D3FF04A15B4EC94AAA3E66 = { isa = PBXBuildFile; fileRef = A8DBA85B1670FEB55D9CEB5D; };
4AED41B95AD8A7E43FC0FA1F = { isa = PBXBuildFile; fileRef = 3C8C8952A5D1EA2B89D5CD31; };
917F3E956B43D6C63C8151C1 = { isa = PBXBuildFile; fileRef = E01C969388FBAEE8B4F50571; };
7CB69F23DB7756946CCC1BAE = { isa = PBXBuildFile; fileRef = CD54976089DB1DBDDDEA6893; };
2DFCE94819083782F17986FD = { isa = PBXBuildFile; fileRef = CDDCC5C432E1B668604819FD; };
A774D73348F9D8B6170DF5E1 = { isa = PBXBuildFile; fileRef = 7871627A3B470B193B688C6E; };
74D0AA5F68E100B11EEC7898 = { isa = PBXBuildFile; fileRef = 86E3ED550827782AF9BCBCFA; };
949D493B91791558E87BC5D7 = { isa = PBXSourcesBuildPhase; buildActionMask = 2147483647; files = (67CDA09AE1DD6AC228B02450, F86E5AA71DF411B0A46BA86F, 99D3FF04A15B4EC94AAA3E66, 4AED41B95AD8A7E43FC0FA1F, 917F3E956B43D6C63C8151C1, 7CB69F23DB7756946CCC1BAE, 2DFCE94819083782F17986FD, A774D73348F9D8B6170DF5E1, 74D0AA5F68E100B11EEC7898); runOnlyForDeploymentPostprocessing = 0; };
3B3947C918567B755B93677A = { isa = PBXBuildFile; fileRef = E8E5628CBE1819250F85CEE4; };
8ECC8B5D05B79F879ACDF1A2 = { isa = PBXResourcesBuildPhase; buildActionMask = 2147483647; files = (3B3947C918567B755B93677A); runOnlyForDeploymentPostprocessing = 0; };
40FB09E4223B0D040825AE57 = { isa = PBXBuildFile; fileRef = 64802283E33CAE761253A147; };
9441E0C1743A1B52DA327969 = { isa = PBXBuildFile; fileRef = 5C54489176852A7A47532051; };
2A3FC3EA1FA5602325EAA168 = { isa = PBXBuildFile; fileRef = FA8436E3DFA4B570B5F9C8DD; };
DCAABAD319F0F3B1A9B4FB69 = { isa = PBXBuildFile; fileRef = 69FCE491E9EFF48ED628B97D; };
77A03FEE20FE96AD9384861E = { isa = PBXSourcesBuildPhase; buildActionMask = 2147483647; files = (40FB09E4223B0D040825AE57, 9441E0C1743A1B52DA327969, 2A3FC3EA1FA5602325EAA168, DCAABAD319F0F3B1A9B4FB69); runOnlyForDeploymentPostprocessing = 0; };
4E783A9E10D2A8ABA38CD11C = { isa = PBXFileReference; explicitFileType = wrapper.application; path = Conch.app; sourceTree = BUILT_PRODUCTS_DIR; };
6C7CCDEB3609F1FAA874E941 = { isa = PBXFileReference; explicitFileType = wrapper.cfbundle; path = ConchTests.xctest; sourceTree = BUILT_PRODUCTS_DIR; };
FBDC4F23F93125BBEEAE800C = { isa = PBXGroup; name = Products; children = (4E783A9E10D2A8ABA38CD11C, 6C7CCDEB3609F1FAA874E941); sourceTree = "<group>"; };
42944EBC669F21BC22392EB5 = { isa = PBXGroup; children = (4B3FCF521522AF22DA48DA27, B8B97D409DA3D5CF2EA00A28, A8DBA85B1670FEB55D9CEB5D, 3C8C8952A5D1EA2B89D5CD31, E01C969388FBAEE8B4F50571, CD54976089DB1DBDDDEA6893, CDDCC5C432E1B668604819FD, 7871627A3B470B193B688C6E, 86E3ED550827782AF9BCBCFA, E459EC21262132A35FA199AF, 84ACE647BEA01E584B65B882, 64802283E33CAE761253A147, 5C54489176852A7A47532051, FA8436E3DFA4B570B5F9C8DD, 69FCE491E9EFF48ED628B97D, 429D0230C59596BAEA6CC819, E8E5628CBE1819250F85CEE4, FBDC4F23F93125BBEEAE800C); sourceTree = "<group>"; };
89E1FD6268CC0F221A2BE178 = { isa = XCBuildConfiguration; name = Debug; buildSettings = { MACOSX_DEPLOYMENT_TARGET = "27.0"; SDKROOT = "macosx"; SWIFT_VERSION = "5.0"; CLANG_ENABLE_MODULES = "YES"; CLANG_C_LANGUAGE_STANDARD = "c11"; SWIFT_OPTIMIZATION_LEVEL = "-Onone"; DEBUG_INFORMATION_FORMAT = "dwarf"; ENABLE_TESTABILITY = "YES"; }; };
E6DE6C99132752C914FEF632 = { isa = XCBuildConfiguration; name = Release; buildSettings = { MACOSX_DEPLOYMENT_TARGET = "27.0"; SDKROOT = "macosx"; SWIFT_VERSION = "5.0"; CLANG_ENABLE_MODULES = "YES"; CLANG_C_LANGUAGE_STANDARD = "c11"; SWIFT_OPTIMIZATION_LEVEL = "-O"; DEBUG_INFORMATION_FORMAT = "dwarf-with-dsym"; }; };
862894B703A6DEDF96A9DD6C = { isa = XCConfigurationList; buildConfigurations = (89E1FD6268CC0F221A2BE178, E6DE6C99132752C914FEF632); defaultConfigurationIsVisible = 0; defaultConfigurationName = Release; };
E9B2E96ABC5F6856F2BE79CF = { isa = XCBuildConfiguration; name = Debug; buildSettings = { PRODUCT_NAME = "Conch"; PRODUCT_BUNDLE_IDENTIFIER = "dev.conch.mixer"; INFOPLIST_FILE = "Resources/Info.plist"; SWIFT_INCLUDE_PATHS = "$(SRCROOT)/Sources/Realtime/include"; HEADER_SEARCH_PATHS = "$(SRCROOT)/Sources/Realtime/include"; CODE_SIGN_STYLE = "Automatic"; ENABLE_HARDENED_RUNTIME = "YES"; ASSETCATALOG_COMPILER_APPICON_NAME = "AppIcon"; SWIFT_OPTIMIZATION_LEVEL = "-Onone"; DEBUG_INFORMATION_FORMAT = "dwarf"; ENABLE_TESTABILITY = "YES"; }; };
5A8C91857F674E16E2724F47 = { isa = XCBuildConfiguration; name = Release; buildSettings = { PRODUCT_NAME = "Conch"; PRODUCT_BUNDLE_IDENTIFIER = "dev.conch.mixer"; INFOPLIST_FILE = "Resources/Info.plist"; SWIFT_INCLUDE_PATHS = "$(SRCROOT)/Sources/Realtime/include"; HEADER_SEARCH_PATHS = "$(SRCROOT)/Sources/Realtime/include"; CODE_SIGN_STYLE = "Automatic"; ENABLE_HARDENED_RUNTIME = "YES"; ASSETCATALOG_COMPILER_APPICON_NAME = "AppIcon"; SWIFT_OPTIMIZATION_LEVEL = "-O"; DEBUG_INFORMATION_FORMAT = "dwarf-with-dsym"; }; };
F37922C48DA5978D02C9E50E = { isa = XCConfigurationList; buildConfigurations = (E9B2E96ABC5F6856F2BE79CF, 5A8C91857F674E16E2724F47); defaultConfigurationIsVisible = 0; defaultConfigurationName = Release; };
0F3D67935A4F199E058A017A = { isa = XCBuildConfiguration; name = Debug; buildSettings = { PRODUCT_NAME = "ConchTests"; PRODUCT_BUNDLE_IDENTIFIER = "dev.conch.mixer.tests"; GENERATE_INFOPLIST_FILE = "YES"; TEST_HOST = "$(BUILT_PRODUCTS_DIR)/Conch.app/Contents/MacOS/Conch"; BUNDLE_LOADER = "$(TEST_HOST)"; SWIFT_INCLUDE_PATHS = "$(SRCROOT)/Sources/Realtime/include"; SWIFT_OPTIMIZATION_LEVEL = "-Onone"; DEBUG_INFORMATION_FORMAT = "dwarf"; ENABLE_TESTABILITY = "YES"; }; };
20B70E15FDC36C625E57F658 = { isa = XCBuildConfiguration; name = Release; buildSettings = { PRODUCT_NAME = "ConchTests"; PRODUCT_BUNDLE_IDENTIFIER = "dev.conch.mixer.tests"; GENERATE_INFOPLIST_FILE = "YES"; TEST_HOST = "$(BUILT_PRODUCTS_DIR)/Conch.app/Contents/MacOS/Conch"; BUNDLE_LOADER = "$(TEST_HOST)"; SWIFT_INCLUDE_PATHS = "$(SRCROOT)/Sources/Realtime/include"; SWIFT_OPTIMIZATION_LEVEL = "-O"; DEBUG_INFORMATION_FORMAT = "dwarf-with-dsym"; }; };
61AF5D6BEA2D148C6F2833BF = { isa = XCConfigurationList; buildConfigurations = (0F3D67935A4F199E058A017A, 20B70E15FDC36C625E57F658); defaultConfigurationIsVisible = 0; defaultConfigurationName = Release; };
7D1043473D55BFA90E8530D3 = { isa = PBXNativeTarget; name = Conch; productName = Conch; productType = "com.apple.product-type.application"; productReference = 4E783A9E10D2A8ABA38CD11C; buildConfigurationList = F37922C48DA5978D02C9E50E; buildPhases = (949D493B91791558E87BC5D7, 8ECC8B5D05B79F879ACDF1A2); buildRules = (); dependencies = (); };
D799BAE6088A90139B415FCC = { isa = PBXContainerItemProxy; containerPortal = 98F54143AB4E86B28C3AFEE0; proxyType = 1; remoteGlobalIDString = 7D1043473D55BFA90E8530D3; remoteInfo = Conch; };
BAE932EF166B50AB877FDC6F = { isa = PBXTargetDependency; target = 7D1043473D55BFA90E8530D3; targetProxy = D799BAE6088A90139B415FCC; };
04D13FD0AA6F0197CF2C9990 = { isa = PBXNativeTarget; name = ConchTests; productName = ConchTests; productType = "com.apple.product-type.bundle.unit-test"; productReference = 6C7CCDEB3609F1FAA874E941; buildConfigurationList = 61AF5D6BEA2D148C6F2833BF; buildPhases = (77A03FEE20FE96AD9384861E); buildRules = (); dependencies = (BAE932EF166B50AB877FDC6F); };
98F54143AB4E86B28C3AFEE0 = { isa = PBXProject; attributes = { LastUpgradeCheck = 2700; }; buildConfigurationList = 862894B703A6DEDF96A9DD6C; compatibilityVersion = "Xcode 16.0"; developmentRegion = en; knownRegions = (en, Base); mainGroup = 42944EBC669F21BC22392EB5; productRefGroup = FBDC4F23F93125BBEEAE800C; projectDirPath = ""; projectRoot = ""; targets = (7D1043473D55BFA90E8530D3, 04D13FD0AA6F0197CF2C9990); };
}; rootObject = 98F54143AB4E86B28C3AFEE0; }
